
Microsoft Visual Studio Solution File, Format Version 12.00
# Visual Studio Version 16
VisualStudioVersion = 16.0.30804.86
MinimumVisualStudioVersion = 10.0.40219.1
Project("{FAE04EC0-301F-11D3-BF4B-00C04F79EFBC}") = "SinemaOtomasyonuMaster", "SinemaOtomasyonuMaster\SinemaOtomasyonuMaster.csproj", "{35D592AC-E41A-413A-BAD8-614E6895FF7E}"
EndProject
Global
	GlobalSection(SolutionConfigurationPlatforms) = preSolution
		Debug|Any CPU = Debug|Any CPU
		Release|Any CPU = Release|Any CPU
	EndGlobalSection
	GlobalSection(ProjectConfigurationPlatforms) = postSolution
		{35D592AC-E41A-413A-BAD8-614E6895FF7E}.Debug|Any CPU.ActiveCfg = Debug|Any CPU
		{35D592AC-E41A-413A-BAD8-614E6895FF7E}.Debug|Any CPU.Build.0 = Debug|Any CPU
		{35D592AC-E41A-413A-BAD8-614E6895FF7E}.Release|Any CPU.ActiveCfg = Release|Any CPU
		{35D592AC-E41A-413A-BAD8-614E6895FF7E}.Release|Any CPU.Build.0 = Release|Any CPU
	EndGlobalSection
	GlobalSection(SolutionProperties) = preSolution
		HideSolutionNode = FALSE
	EndGlobalSection
	GlobalSection(ExtensibilityGlobals) = postSolution
		SolutionGuid = {89C16F42-DBE6-44DA-A1B6-7C0EAED5F34E}
	EndGlobalSection
EndGlobal
